
Microsoft Visual Studio Solution File, Format Version 12.00
# Visual Studio Version 17
VisualStudioVersion = 17.0.31903.59
MinimumVisualStudioVersion = 10.0.40219.1
Project("{2150E333-8FDC-42A3-9474-1A3956D46DE8}") = "src", "src", "{8BC9CEB8-8B4A-11D0-8D11-00A0C91BC942}"
EndProject
Project("{FAE04EC0-301F-11D3-BF4B-00C04F79EFBC}") = "GraphPersona.Domain", "src\GraphPersona.Domain\GraphPersona.Domain.csproj", "{A1B2C3D4-E5F6-4A5B-8C7D-9E0F1A2B3C4D}"
EndProject
Project("{FAE04EC0-301F-11D3-BF4B-00C04F79EFBC}") = "GraphPersona.Application", "src\GraphPersona.Application\GraphPersona.Application.csproj", "{B2C3D4E5-F6A7-5B6C-9D8E-0F1A2B3C4D5E}"
EndProject
Project("{FAE04EC0-301F-11D3-BF4B-00C04F79EFBC}") = "GraphPersona.Infrastructure", "src\GraphPersona.Infrastructure\GraphPersona.Infrastructure.csproj", "{C3D4E5F6-A7B8-6C7D-0E9F-1A2B3C4D5E6F}"
EndProject
Project("{FAE04EC0-301F-11D3-BF4B-00C04F79EFBC}") = "GraphPersona.Api", "src\GraphPersona.Api\GraphPersona.Api.csproj", "{4EAFBAD7-F250-41AA-AC06-08C3A7796475}"
EndProject
Project("{2150E333-8FDC-42A3-9474-1A3956D46DE8}") = "Solution Items", "Solution Items", "{24B1AED9-20B0-4930-BB5D-8D27A51C1820}"
	ProjectSection(SolutionItems) = preProject
		compose.yaml = compose.yaml
		.gitignore = .gitignore
		README.md = README.md
		Directory.Packages.props = Directory.Packages.props
	EndProjectSection
EndProject
Global
	GlobalSection(SolutionConfigurationPlatforms) = preSolution
		Debug|Any CPU = Debug|Any CPU
		Debug|x64 = Debug|x64
		Debug|x86 = Debug|x86
		Release|Any CPU = Release|Any CPU
		Release|x64 = Release|x64
		Release|x86 = Release|x86
	EndGlobalSection
	GlobalSection(ProjectConfigurationPlatforms) = postSolution
		{A1B2C3D4-E5F6-4A5B-8C7D-9E0F1A2B3C4D}.Debug|Any CPU.ActiveCfg = Debug|Any CPU
		{A1B2C3D4-E5F6-4A5B-8C7D-9E0F1A2B3C4D}.Debug|Any CPU.Build.0 = Debug|Any CPU
		{A1B2C3D4-E5F6-4A5B-8C7D-9E0F1A2B3C4D}.Debug|x64.ActiveCfg = Debug|Any CPU
		{A1B2C3D4-E5F6-4A5B-8C7D-9E0F1A2B3C4D}.Debug|x64.Build.0 = Debug|Any CPU
		{A1B2C3D4-E5F6-4A5B-8C7D-9E0F1A2B3C4D}.Debug|x86.ActiveCfg = Debug|Any CPU
		{A1B2C3D4-E5F6-4A5B-8C7D-9E0F1A2B3C4D}.Debug|x86.Build.0 = Debug|Any CPU
		{A1B2C3D4-E5F6-4A5B-8C7D-9E0F1A2B3C4D}.Release|Any CPU.ActiveCfg = Release|Any CPU
		{A1B2C3D4-E5F6-4A5B-8C7D-9E0F1A2B3C4D}.Release|Any CPU.Build.0 = Release|Any CPU
		{A1B2C3D4-E5F6-4A5B-8C7D-9E0F1A2B3C4D}.Release|x64.ActiveCfg = Release|Any CPU
		{A1B2C3D4-E5F6-4A5B-8C7D-9E0F1A2B3C4D}.Release|x64.Build.0 = Release|Any CPU
		{A1B2C3D4-E5F6-4A5B-8C7D-9E0F1A2B3C4D}.Release|x86.ActiveCfg = Release|Any CPU
		{A1B2C3D4-E5F6-4A5B-8C7D-9E0F1A2B3C4D}.Release|x86.Build.0 = Release|Any CPU
		{B2C3D4E5-F6A7-5B6C-9D8E-0F1A2B3C4D5E}.Debug|Any CPU.ActiveCfg = Debug|Any CPU
		{B2C3D4E5-F6A7-5B6C-9D8E-0F1A2B3C4D5E}.Debug|Any CPU.Build.0 = Debug|Any CPU
		{B2C3D4E5-F6A7-5B6C-9D8E-0F1A2B3C4D5E}.Debug|x64.ActiveCfg = Debug|Any CPU
		{B2C3D4E5-F6A7-5B6C-9D8E-0F1A2B3C4D5E}.Debug|x64.Build.0 = Debug|Any CPU
		{B2C3D4E5-F6A7-5B6C-9D8E-0F1A2B3C4D5E}.Debug|x86.ActiveCfg = Debug|Any CPU
		{B2C3D4E5-F6A7-5B6C-9D8E-0F1A2B3C4D5E}.Debug|x86.Build.0 = Debug|Any CPU
		{B2C3D4E5-F6A7-5B6C-9D8E-0F1A2B3C4D5E}.Release|Any CPU.ActiveCfg = Release|Any CPU
		{B2C3D4E5-F6A7-5B6C-9D8E-0F1A2B3C4D5E}.Release|Any CPU.Build.0 = Release|Any CPU
		{B2C3D4E5-F6A7-5B6C-9D8E-0F1A2B3C4D5E}.Release|x64.ActiveCfg = Release|Any CPU
		{B2C3D4E5-F6A7-5B6C-9D8E-0F1A2B3C4D5E}.Release|x64.Build.0 = Release|Any CPU
		{B2C3D4E5-F6A7-5B6C-9D8E-0F1A2B3C4D5E}.Release|x86.ActiveCfg = Release|Any CPU
		{B2C3D4E5-F6A7-5B6C-9D8E-0F1A2B3C4D5E}.Release|x86.Build.0 = Release|Any CPU
		{C3D4E5F6-A7B8-6C7D-0E9F-1A2B3C4D5E6F}.Debug|Any CPU.ActiveCfg = Debug|Any CPU
		{C3D4E5F6-A7B8-6C7D-0E9F-1A2B3C4D5E6F}.Debug|Any CPU.Build.0 = Debug|Any CPU
		{C3D4E5F6-A7B8-6C7D-0E9F-1A2B3C4D5E6F}.Debug|x64.ActiveCfg = Debug|Any CPU
		{C3D4E5F6-A7B8-6C7D-0E9F-1A2B3C4D5E6F}.Debug|x64.Build.0 = Debug|Any CPU
		{C3D4E5F6-A7B8-6C7D-0E9F-1A2B3C4D5E6F}.Debug|x86.ActiveCfg = Debug|Any CPU
		{C3D4E5F6-A7B8-6C7D-0E9F-1A2B3C4D5E6F}.Debug|x86.Build.0 = Debug|Any CPU
		{C3D4E5F6-A7B8-6C7D-0E9F-1A2B3C4D5E6F}.Release|Any CPU.ActiveCfg = Release|Any CPU
		{C3D4E5F6-A7B8-6C7D-0E9F-1A2B3C4D5E6F}.Release|Any CPU.Build.0 = Release|Any CPU
		{C3D4E5F6-A7B8-6C7D-0E9F-1A2B3C4D5E6F}.Release|x64.ActiveCfg = Release|Any CPU
		{C3D4E5F6-A7B8-6C7D-0E9F-1A2B3C4D5E6F}.Release|x64.Build.0 = Release|Any CPU
		{C3D4E5F6-A7B8-6C7D-0E9F-1A2B3C4D5E6F}.Release|x86.ActiveCfg = Release|Any CPU
		{C3D4E5F6-A7B8-6C7D-0E9F-1A2B3C4D5E6F}.Release|x86.Build.0 = Release|Any CPU
		{4EAFBAD7-F250-41AA-AC06-08C3A7796475}.Debug|Any CPU.ActiveCfg = Debug|Any CPU
		{4EAFBAD7-F250-41AA-AC06-08C3A7796475}.Debug|Any CPU.Build.0 = Debug|Any CPU
		{4EAFBAD7-F250-41AA-AC06-08C3A7796475}.Debug|x64.ActiveCfg = Debug|Any CPU
		{4EAFBAD7-F250-41AA-AC06-08C3A7796475}.Debug|x64.Build.0 = Debug|Any CPU
		{4EAFBAD7-F250-41AA-AC06-08C3A7796475}.Debug|x86.ActiveCfg = Debug|Any CPU
		{4EAFBAD7-F250-41AA-AC06-08C3A7796475}.Debug|x86.Build.0 = Debug|Any CPU
		{4EAFBAD7-F250-41AA-AC06-08C3A7796475}.Release|Any CPU.ActiveCfg = Release|Any CPU
		{4EAFBAD7-F250-41AA-AC06-08C3A7796475}.Release|Any CPU.Build.0 = Release|Any CPU
		{4EAFBAD7-F250-41AA-AC06-08C3A7796475}.Release|x64.ActiveCfg = Release|Any CPU
		{4EAFBAD7-F250-41AA-AC06-08C3A7796475}.Release|x64.Build.0 = Release|Any CPU
		{4EAFBAD7-F250-41AA-AC06-08C3A7796475}.Release|x86.ActiveCfg = Release|Any CPU
		{4EAFBAD7-F250-41AA-AC06-08C3A7796475}.Release|x86.Build.0 = Release|Any CPU
	EndGlobalSection
	GlobalSection(SolutionProperties) = preSolution
		HideSolutionNode = FALSE
	EndGlobalSection
	GlobalSection(NestedProjects) = preSolution
		{A1B2C3D4-E5F6-4A5B-8C7D-9E0F1A2B3C4D} = {8BC9CEB8-8B4A-11D0-8D11-00A0C91BC942}
		{B2C3D4E5-F6A7-5B6C-9D8E-0F1A2B3C4D5E} = {8BC9CEB8-8B4A-11D0-8D11-00A0C91BC942}
		{C3D4E5F6-A7B8-6C7D-0E9F-1A2B3C4D5E6F} = {8BC9CEB8-8B4A-11D0-8D11-00A0C91BC942}
		{4EAFBAD7-F250-41AA-AC06-08C3A7796475} = {8BC9CEB8-8B4A-11D0-8D11-00A0C91BC942}
	EndGlobalSection
EndGlobal
